
Microsoft Visual Studio Solution File, Format Version 12.00
# Visual Studio Version 16
VisualStudioVersion = 16.0.29609.76
MinimumVisualStudioVersion = 10.0.40219.1
Project("{FAE04EC0-301F-11D3-BF4B-00C04F79EFBC}") = "EuclidAndStein", "EuclidAndStein\EuclidAndStein.csproj", "{F8B10DA7-8EEB-4514-AA9F-0D67393DB3D0}"
EndProject
Project("{FAE04EC0-301F-11D3-BF4B-00C04F79EFBC}") = "EuclidAndStein.Tests", "EuclidAndStein.Tests\EuclidAndStein.Tests.csproj", "{075D8E71-B70C-4F93-958B-524E4873E87F}"
EndProject
Global
	GlobalSection(SolutionConfigurationPlatforms) = preSolution
		Debug|Any CPU = Debug|Any CPU
		Release|Any CPU = Release|Any CPU
	EndGlobalSection
	GlobalSection(ProjectConfigurationPlatforms) = postSolution
		{F8B10DA7-8EEB-4514-AA9F-0D67393DB3D0}.Debug|Any CPU.ActiveCfg = Debug|Any CPU
		{F8B10DA7-8EEB-4514-AA9F-0D67393DB3D0}.Debug|Any CPU.Build.0 = Debug|Any CPU
		{F8B10DA7-8EEB-4514-AA9F-0D67393DB3D0}.Release|Any CPU.ActiveCfg = Release|Any CPU
		{F8B10DA7-8EEB-4514-AA9F-0D67393DB3D0}.Release|Any CPU.Build.0 = Release|Any CPU
		{075D8E71-B70C-4F93-958B-524E4873E87F}.Debug|Any CPU.ActiveCfg = Debug|Any CPU
		{075D8E71-B70C-4F93-958B-524E4873E87F}.Debug|Any CPU.Build.0 = Debug|Any CPU
		{075D8E71-B70C-4F93-958B-524E4873E87F}.Release|Any CPU.ActiveCfg = Release|Any CPU
		{075D8E71-B70C-4F93-958B-524E4873E87F}.Release|Any CPU.Build.0 = Release|Any CPU
	EndGlobalSection
	GlobalSection(SolutionProperties) = preSolution
		HideSolutionNode = FALSE
	EndGlobalSection
	GlobalSection(ExtensibilityGlobals) = postSolution
		SolutionGuid = {460B3D43-325C-414D-B476-27F26CF8152C}
	EndGlobalSection
EndGlobal
